
Microsoft Visual Studio Solution File, Format Version 12.00
# Visual Studio Version 16
VisualStudioVersion = 16.0.31025.194
MinimumVisualStudioVersion = 10.0.40219.1
Project("{FAE04EC0-301F-11D3-BF4B-00C04F79EFBC}") = "Atividade Windows Forms 1", "Atividade Windows Forms 1\Atividade Windows Forms 1.csproj", "{730A812B-C741-4370-92B8-A275E15836A9}"
EndProject
Global
	GlobalSection(SolutionConfigurationPlatforms) = preSolution
		Debug|Any CPU = Debug|Any CPU
		Release|Any CPU = Release|Any CPU
	EndGlobalSection
	GlobalSection(ProjectConfigurationPlatforms) = postSolution
		{730A812B-C741-4370-92B8-A275E15836A9}.Debug|Any CPU.ActiveCfg = Debug|Any CPU
		{730A812B-C741-4370-92B8-A275E15836A9}.Debug|Any CPU.Build.0 = Debug|Any CPU
		{730A812B-C741-4370-92B8-A275E15836A9}.Release|Any CPU.ActiveCfg = Release|Any CPU
		{730A812B-C741-4370-92B8-A275E15836A9}.Release|Any CPU.Build.0 = Release|Any CPU
	EndGlobalSection
	GlobalSection(SolutionProperties) = preSolution
		HideSolutionNode = FALSE
	EndGlobalSection
	GlobalSection(ExtensibilityGlobals) = postSolution
		SolutionGuid = {F63BE322-BA1E-42D7-BFA6-519BF42D4816}
	EndGlobalSection
EndGlobal
